
Microsoft Visual Studio Solution File, Format Version 12.00
# Visual Studio Version 17
VisualStudioVersion = 17.6.33829.357
MinimumVisualStudioVersion = 10.0.40219.1
Project("{9A19103F-16F7-4668-BE54-9A1E7A4F7556}") = "CRES.ServiceMVC", "CRES.ServiceMVC.csproj", "{16E009A0-82AE-4CA1-8E64-054B4CA2715C}"
EndProject
Global
	GlobalSection(SolutionConfigurationPlatforms) = preSolution
		Debug|Any CPU = Debug|Any CPU
		Release|Any CPU = Release|Any CPU
	EndGlobalSection
	GlobalSection(ProjectConfigurationPlatforms) = postSolution
		{16E009A0-82AE-4CA1-8E64-054B4CA2715C}.Debug|Any CPU.ActiveCfg = Debug|Any CPU
		{16E009A0-82AE-4CA1-8E64-054B4CA2715C}.Debug|Any CPU.Build.0 = Debug|Any CPU
		{16E009A0-82AE-4CA1-8E64-054B4CA2715C}.Release|Any CPU.ActiveCfg = Release|Any CPU
		{16E009A0-82AE-4CA1-8E64-054B4CA2715C}.Release|Any CPU.Build.0 = Release|Any CPU
	EndGlobalSection
	GlobalSection(SolutionProperties) = preSolution
		HideSolutionNode = FALSE
	EndGlobalSection
	GlobalSection(ExtensibilityGlobals) = postSolution
		SolutionGuid = {34A123AF-F185-48C2-9D77-C88C2FDFF845}
	EndGlobalSection
EndGlobal
